
Microsoft Visual Studio Solution File, Format Version 12.00
# Visual Studio Version 17
VisualStudioVersion = 17.7.34031.279
MinimumVisualStudioVersion = 10.0.40219.1
Project("{FAE04EC0-301F-11D3-BF4B-00C04F79EFBC}") = "ConsoleApp1", "ConsoleApp1\ConsoleApp1.csproj", "{70793903-B99B-4578-B1C0-3C308C9002FE}"
EndProject
Global
	GlobalSection(SolutionConfigurationPlatforms) = preSolution
		Debug|Any CPU = Debug|Any CPU
		Release|Any CPU = Release|Any CPU
	EndGlobalSection
	GlobalSection(ProjectConfigurationPlatforms) = postSolution
		{70793903-B99B-4578-B1C0-3C308C9002FE}.Debug|Any CPU.ActiveCfg = Debug|Any CPU
		{70793903-B99B-4578-B1C0-3C308C9002FE}.Debug|Any CPU.Build.0 = Debug|Any CPU
		{70793903-B99B-4578-B1C0-3C308C9002FE}.Release|Any CPU.ActiveCfg = Release|Any CPU
		{70793903-B99B-4578-B1C0-3C308C9002FE}.Release|Any CPU.Build.0 = Release|Any CPU
	EndGlobalSection
	GlobalSection(SolutionProperties) = preSolution
		HideSolutionNode = FALSE
	EndGlobalSection
	GlobalSection(ExtensibilityGlobals) = postSolution
		SolutionGuid = {FEC3A7F5-672F-4235-B60A-67288FD7B1F7}
	EndGlobalSection
EndGlobal
